# This file was autogenerated by Stack.
# You should not edit this file by hand.
# For more information, please see the documentation at:
#   https://docs.haskellstack.org/en/stable/lock_files

packages:
- completed:
    hackage: bytestring-0.10.10.0@sha256:06b2e84f1bc9ab71a162c0ca9e88358dd6bbe5cb7fdda2d6d34b6863c367ec95,8944
    pantry-tree:
      size: 2788
      sha256: 0c8345618e3d7440989d5001ff57d01896548195338bf7a70d8453710a43418b
  original:
    hackage: bytestring-0.10.10.0
snapshots:
- completed:
    size: 496112
    url: https://raw.githubusercontent.com/commercialhaskell/stackage-snapshots/master/lts/15/15.yaml
    sha256: 86169722ad0056ffc9eacc157ef80ee21d7024f92c0d2961c89ccf432db230a3
  original: lts-15.15
